
Microsoft Visual Studio Solution File, Format Version 12.00
# Visual Studio Version 16
VisualStudioVersion = 16.0.30320.27
MinimumVisualStudioVersion = 10.0.40219.1
Project("{FAE04EC0-301F-11D3-BF4B-00C04F79EFBC}") = "Aplicacion_Factura", "Aplicacion_Factura.csproj", "{FA2DBE25-07EF-4297-86A1-0D31CBB35A13}"
EndProject
Global
	GlobalSection(SolutionConfigurationPlatforms) = preSolution
		Debug|Any CPU = Debug|Any CPU
		Release|Any CPU = Release|Any CPU
	EndGlobalSection
	GlobalSection(ProjectConfigurationPlatforms) = postSolution
		{FA2DBE25-07EF-4297-86A1-0D31CBB35A13}.Debug|Any CPU.ActiveCfg = Debug|Any CPU
		{FA2DBE25-07EF-4297-86A1-0D31CBB35A13}.Debug|Any CPU.Build.0 = Debug|Any CPU
		{FA2DBE25-07EF-4297-86A1-0D31CBB35A13}.Release|Any CPU.ActiveCfg = Release|Any CPU
		{FA2DBE25-07EF-4297-86A1-0D31CBB35A13}.Release|Any CPU.Build.0 = Release|Any CPU
	EndGlobalSection
	GlobalSection(SolutionProperties) = preSolution
		HideSolutionNode = FALSE
	EndGlobalSection
	GlobalSection(ExtensibilityGlobals) = postSolution
		SolutionGuid = {F900BC9F-7EC7-47F0-A405-E0A1FE6773F7}
	EndGlobalSection
EndGlobal
